
Microsoft Visual Studio Solution File, Format Version 12.00
# Visual Studio Version 17
VisualStudioVersion = 17.4.33213.308
MinimumVisualStudioVersion = 10.0.40219.1
Project("{FAE04EC0-301F-11D3-BF4B-00C04F79EFBC}") = "App4.Android", "App4\App4.Android\App4.Android.csproj", "{E3F163C3-8D48-4382-8743-DB96D6452B42}"
EndProject
Project("{FAE04EC0-301F-11D3-BF4B-00C04F79EFBC}") = "App4", "App4\App4\App4.csproj", "{CD4495CB-C46D-4000-8424-15BC60B6EE3A}"
EndProject
Global
	GlobalSection(SolutionConfigurationPlatforms) = preSolution
		Debug|Any CPU = Debug|Any CPU
		Release|Any CPU = Release|Any CPU
	EndGlobalSection
	GlobalSection(ProjectConfigurationPlatforms) = postSolution
		{E3F163C3-8D48-4382-8743-DB96D6452B42}.Debug|Any CPU.ActiveCfg = Debug|Any CPU
		{E3F163C3-8D48-4382-8743-DB96D6452B42}.Debug|Any CPU.Build.0 = Debug|Any CPU
		{E3F163C3-8D48-4382-8743-DB96D6452B42}.Debug|Any CPU.Deploy.0 = Debug|Any CPU
		{E3F163C3-8D48-4382-8743-DB96D6452B42}.Release|Any CPU.ActiveCfg = Release|Any CPU
		{E3F163C3-8D48-4382-8743-DB96D6452B42}.Release|Any CPU.Build.0 = Release|Any CPU
		{E3F163C3-8D48-4382-8743-DB96D6452B42}.Release|Any CPU.Deploy.0 = Release|Any CPU
		{CD4495CB-C46D-4000-8424-15BC60B6EE3A}.Debug|Any CPU.ActiveCfg = Debug|Any CPU
		{CD4495CB-C46D-4000-8424-15BC60B6EE3A}.Debug|Any CPU.Build.0 = Debug|Any CPU
		{CD4495CB-C46D-4000-8424-15BC60B6EE3A}.Debug|Any CPU.Deploy.0 = Debug|Any CPU
		{CD4495CB-C46D-4000-8424-15BC60B6EE3A}.Release|Any CPU.ActiveCfg = Release|Any CPU
		{CD4495CB-C46D-4000-8424-15BC60B6EE3A}.Release|Any CPU.Build.0 = Release|Any CPU
		{CD4495CB-C46D-4000-8424-15BC60B6EE3A}.Release|Any CPU.Deploy.0 = Release|Any CPU
	EndGlobalSection
	GlobalSection(SolutionProperties) = preSolution
		HideSolutionNode = FALSE
	EndGlobalSection
	GlobalSection(ExtensibilityGlobals) = postSolution
		SolutionGuid = {F5562444-6861-414C-AA2E-5BF312F15785}
	EndGlobalSection
EndGlobal
